
Microsoft Visual Studio Solution File, Format Version 12.00
# Visual Studio Version 17
VisualStudioVersion = 17.7.34003.232
MinimumVisualStudioVersion = 10.0.40219.1
Project("{FAE04EC0-301F-11D3-BF4B-00C04F79EFBC}") = "FormBanHang", "FormBanHang.csproj", "{8FA45B5C-F4A8-4744-AA57-9972D4D8461C}"
EndProject
Global
	GlobalSection(SolutionConfigurationPlatforms) = preSolution
		Debug|Any CPU = Debug|Any CPU
		Release|Any CPU = Release|Any CPU
	EndGlobalSection
	GlobalSection(ProjectConfigurationPlatforms) = postSolution
		{8FA45B5C-F4A8-4744-AA57-9972D4D8461C}.Debug|Any CPU.ActiveCfg = Debug|Any CPU
		{8FA45B5C-F4A8-4744-AA57-9972D4D8461C}.Debug|Any CPU.Build.0 = Debug|Any CPU
		{8FA45B5C-F4A8-4744-AA57-9972D4D8461C}.Release|Any CPU.ActiveCfg = Release|Any CPU
		{8FA45B5C-F4A8-4744-AA57-9972D4D8461C}.Release|Any CPU.Build.0 = Release|Any CPU
	EndGlobalSection
	GlobalSection(SolutionProperties) = preSolution
		HideSolutionNode = FALSE
	EndGlobalSection
	GlobalSection(ExtensibilityGlobals) = postSolution
		SolutionGuid = {4E184427-42AA-4F81-AC4E-EE4F44531B18}
	EndGlobalSection
EndGlobal
