
Microsoft Visual Studio Solution File, Format Version 12.00
# Visual Studio Version 17
VisualStudioVersion = 17.7.34009.444
MinimumVisualStudioVersion = 10.0.40219.1
Project("{FAE04EC0-301F-11D3-BF4B-00C04F79EFBC}") = "TimKiemHangHoa", "TimKiemHangHoa.csproj", "{D1461544-FA00-4D74-BCC8-B0DBDC166A20}"
EndProject
Global
	GlobalSection(SolutionConfigurationPlatforms) = preSolution
		Debug|Any CPU = Debug|Any CPU
		Release|Any CPU = Release|Any CPU
	EndGlobalSection
	GlobalSection(ProjectConfigurationPlatforms) = postSolution
		{D1461544-FA00-4D74-BCC8-B0DBDC166A20}.Debug|Any CPU.ActiveCfg = Debug|Any CPU
		{D1461544-FA00-4D74-BCC8-B0DBDC166A20}.Debug|Any CPU.Build.0 = Debug|Any CPU
		{D1461544-FA00-4D74-BCC8-B0DBDC166A20}.Release|Any CPU.ActiveCfg = Release|Any CPU
		{D1461544-FA00-4D74-BCC8-B0DBDC166A20}.Release|Any CPU.Build.0 = Release|Any CPU
	EndGlobalSection
	GlobalSection(SolutionProperties) = preSolution
		HideSolutionNode = FALSE
	EndGlobalSection
	GlobalSection(ExtensibilityGlobals) = postSolution
		SolutionGuid = {F7E887D2-55CB-4610-9E87-DFFC9CB418AD}
	EndGlobalSection
EndGlobal
