
Microsoft Visual Studio Solution File, Format Version 12.00
# Visual Studio Version 17
VisualStudioVersion = 17.7.34031.279
MinimumVisualStudioVersion = 10.0.40219.1
Project("{FAE04EC0-301F-11D3-BF4B-00C04F79EFBC}") = "QLPB", "QLPB\QLPB.csproj", "{4201D3C9-28B6-4DFA-AE0D-1DB7BA5610B2}"
EndProject
Global
	GlobalSection(SolutionConfigurationPlatforms) = preSolution
		Debug|Any CPU = Debug|Any CPU
		Release|Any CPU = Release|Any CPU
	EndGlobalSection
	GlobalSection(ProjectConfigurationPlatforms) = postSolution
		{4201D3C9-28B6-4DFA-AE0D-1DB7BA5610B2}.Debug|Any CPU.ActiveCfg = Debug|Any CPU
		{4201D3C9-28B6-4DFA-AE0D-1DB7BA5610B2}.Debug|Any CPU.Build.0 = Debug|Any CPU
		{4201D3C9-28B6-4DFA-AE0D-1DB7BA5610B2}.Release|Any CPU.ActiveCfg = Release|Any CPU
		{4201D3C9-28B6-4DFA-AE0D-1DB7BA5610B2}.Release|Any CPU.Build.0 = Release|Any CPU
	EndGlobalSection
	GlobalSection(SolutionProperties) = preSolution
		HideSolutionNode = FALSE
	EndGlobalSection
	GlobalSection(ExtensibilityGlobals) = postSolution
		SolutionGuid = {315350BA-6D6C-47AA-A262-8C88035F130C}
	EndGlobalSection
EndGlobal
